
Microsoft Visual Studio Solution File, Format Version 12.00
# Visual Studio Version 17
VisualStudioVersion = 17.2.32519.379
MinimumVisualStudioVersion = 10.0.40219.1
Project("{FAE04EC0-301F-11D3-BF4B-00C04F79EFBC}") = "BugTracker", "BugTracker\BugTracker.csproj", "{526A6C45-0CEC-481A-BC1A-0238A2E1E711}"
EndProject
Global
	GlobalSection(SolutionConfigurationPlatforms) = preSolution
		Debug|Any CPU = Debug|Any CPU
		Release|Any CPU = Release|Any CPU
	EndGlobalSection
	GlobalSection(ProjectConfigurationPlatforms) = postSolution
		{526A6C45-0CEC-481A-BC1A-0238A2E1E711}.Debug|Any CPU.ActiveCfg = Debug|Any CPU
		{526A6C45-0CEC-481A-BC1A-0238A2E1E711}.Debug|Any CPU.Build.0 = Debug|Any CPU
		{526A6C45-0CEC-481A-BC1A-0238A2E1E711}.Release|Any CPU.ActiveCfg = Release|Any CPU
		{526A6C45-0CEC-481A-BC1A-0238A2E1E711}.Release|Any CPU.Build.0 = Release|Any CPU
	EndGlobalSection
	GlobalSection(SolutionProperties) = preSolution
		HideSolutionNode = FALSE
	EndGlobalSection
	GlobalSection(ExtensibilityGlobals) = postSolution
		SolutionGuid = {B8899235-5311-4E80-81ED-7CE59A4B103A}
	EndGlobalSection
EndGlobal
